// !$*UTF8*$!
{
	archiveVersion = 1;
	classes = {
	};
	objectVersion = 42;
	objects = {

/* Begin PBXBuildFile section */
		030BF9AD098CFFD100D68616 /* ETDebug.h in Headers */ = {isa = PBXBuildFile; fileRef = 030BF9AB098CFFD100D68616 /* ETDebug.h */; settings = {ATTRIBUTES = (Public, ); }; };
		030BF9AE098CFFD100D68616 /* ETDebug.m in Sources */ = {isa = PBXBuildFile; fileRef = 030BF9AC098CFFD100D68616 /* ETDebug.m */; };
		030BF9AF098CFFD100D68616 /* ETDebug.m in Sources */ = {isa = PBXBuildFile; fileRef = 030BF9AC098CFFD100D68616 /* ETDebug.m */; };
		030BFB0B098D01BE00D68616 /* Foundation.framework in Frameworks */ = {isa = PBXBuildFile; fileRef = 0867D69BFE84028FC02AAC07 /* Foundation.framework */; };
		030BFB92098D517A00D68616 /* AppKit.framework in Frameworks */ = {isa = PBXBuildFile; fileRef = 030BFB91098D517A00D68616 /* AppKit.framework */; };
		030BFB93098D517A00D68616 /* AppKit.framework in Frameworks */ = {isa = PBXBuildFile; fileRef = 030BFB91098D517A00D68616 /* AppKit.framework */; };
		0313DDED0C10DFB400F401BB /* ETEyeTunes.h in Headers */ = {isa = PBXBuildFile; fileRef = 0313DDEC0C10DFB400F401BB /* ETEyeTunes.h */; settings = {ATTRIBUTES = (Public, ); }; };
		0313DE1D0C10E09900F401BB /* EyeTunesVersions.h in Headers */ = {isa = PBXBuildFile; fileRef = 0313DE1C0C10E09900F401BB /* EyeTunesVersions.h */; settings = {ATTRIBUTES = (Public, ); }; };
		0313DE490C10E1ED00F401BB /* ETEyeTunes.m in Sources */ = {isa = PBXBuildFile; fileRef = 0313DE480C10E1ED00F401BB /* ETEyeTunes.m */; };
		031B481A088429A60086F24B /* EyeTunes.h in Headers */ = {isa = PBXBuildFile; fileRef = 031B4818088429A60086F24B /* EyeTunes.h */; settings = {ATTRIBUTES = (Public, ); }; };
		031B486908843CF90086F24B /* main.m in Sources */ = {isa = PBXBuildFile; fileRef = 031B486808843CF90086F24B /* main.m */; };
		031B48AA088444F60086F24B /* ApplicationServices.framework in Frameworks */ = {isa = PBXBuildFile; fileRef = 031B48A9088444F60086F24B /* ApplicationServices.framework */; };
		031B48AB088444F60086F24B /* ApplicationServices.framework in Frameworks */ = {isa = PBXBuildFile; fileRef = 031B48A9088444F60086F24B /* ApplicationServices.framework */; };
		032CE8540886594100F33185 /* ETAppleEventObject.m in Sources */ = {isa = PBXBuildFile; fileRef = 032CE8530886594100F33185 /* ETAppleEventObject.m */; };
		032CE8550886594100F33185 /* ETAppleEventObject.h in Headers */ = {isa = PBXBuildFile; fileRef = 032CE8520886594100F33185 /* ETAppleEventObject.h */; settings = {ATTRIBUTES = (Public, ); }; };
		032CE8560886594100F33185 /* ETAppleEventObject.m in Sources */ = {isa = PBXBuildFile; fileRef = 032CE8530886594100F33185 /* ETAppleEventObject.m */; };
		032CEB730886E48100F33185 /* ETPlaylist.m in Sources */ = {isa = PBXBuildFile; fileRef = 032CEB720886E48100F33185 /* ETPlaylist.m */; };
		032CEB740886E48100F33185 /* ETPlaylist.h in Headers */ = {isa = PBXBuildFile; fileRef = 032CEB710886E48100F33185 /* ETPlaylist.h */; settings = {ATTRIBUTES = (Public, ); }; };
		032CEB750886E48100F33185 /* ETPlaylist.m in Sources */ = {isa = PBXBuildFile; fileRef = 032CEB720886E48100F33185 /* ETPlaylist.m */; };
		032E44AF098A4F2B00C55ECB /* ETTrackEnumerator.m in Sources */ = {isa = PBXBuildFile; fileRef = 032E44AE098A4F2B00C55ECB /* ETTrackEnumerator.m */; };
		032E44B0098A4F2C00C55ECB /* ETTrackEnumerator.h in Headers */ = {isa = PBXBuildFile; fileRef = 032E44AD098A4F2B00C55ECB /* ETTrackEnumerator.h */; settings = {ATTRIBUTES = (Public, ); }; };
		032E44B1098A4F2C00C55ECB /* ETTrackEnumerator.m in Sources */ = {isa = PBXBuildFile; fileRef = 032E44AE098A4F2B00C55ECB /* ETTrackEnumerator.m */; };
		032E476C098A8FDF00C55ECB /* ETPlaylistEnumerator.m in Sources */ = {isa = PBXBuildFile; fileRef = 032E476B098A8FDF00C55ECB /* ETPlaylistEnumerator.m */; };
		032E476D098A8FDF00C55ECB /* ETPlaylistEnumerator.h in Headers */ = {isa = PBXBuildFile; fileRef = 032E476A098A8FDF00C55ECB /* ETPlaylistEnumerator.h */; settings = {ATTRIBUTES = (Public, ); }; };
		032E476E098A8FDF00C55ECB /* ETPlaylistEnumerator.m in Sources */ = {isa = PBXBuildFile; fileRef = 032E476B098A8FDF00C55ECB /* ETPlaylistEnumerator.m */; };
		035B6F2B0884824800D0B89E /* EyeTunesEventCodes.h in Headers */ = {isa = PBXBuildFile; fileRef = 035B6F2A0884824800D0B89E /* EyeTunesEventCodes.h */; settings = {ATTRIBUTES = (Public, ); }; };
		035B70B90885537800D0B89E /* ETTrack.h in Headers */ = {isa = PBXBuildFile; fileRef = 035B70B70885537800D0B89E /* ETTrack.h */; settings = {ATTRIBUTES = (Public, ); }; };
		035B70BA0885537800D0B89E /* ETTrack.m in Sources */ = {isa = PBXBuildFile; fileRef = 035B70B80885537800D0B89E /* ETTrack.m */; };
		035B70BB0885537800D0B89E /* ETTrack.m in Sources */ = {isa = PBXBuildFile; fileRef = 035B70B80885537800D0B89E /* ETTrack.m */; };
		037310CB0C15D92A004AAA53 /* ETEyeTunes.m in Sources */ = {isa = PBXBuildFile; fileRef = 0313DE480C10E1ED00F401BB /* ETEyeTunes.m */; };
		037310E30C15D98E004AAA53 /* NSString+LongLongValue.m in Sources */ = {isa = PBXBuildFile; fileRef = 039620980C0DE71600786326 /* NSString+LongLongValue.m */; };
		03748F04099D8B00002F09C3 /* Foundation.framework in Frameworks */ = {isa = PBXBuildFile; fileRef = 0867D69BFE84028FC02AAC07 /* Foundation.framework */; };
		03748F05099D8B07002F09C3 /* ApplicationServices.framework in Frameworks */ = {isa = PBXBuildFile; fileRef = 031B48A9088444F60086F24B /* ApplicationServices.framework */; };
		03748FD3099D8B0F002F09C3 /* AppKit.framework in Frameworks */ = {isa = PBXBuildFile; fileRef = 030BFB91098D517A00D68616 /* AppKit.framework */; };
		03749078099D8B48002F09C3 /* debug_main.m in Sources */ = {isa = PBXBuildFile; fileRef = 03749077099D8B48002F09C3 /* debug_main.m */; };
		03749091099D8BEB002F09C3 /* MainMenu.nib in Resources */ = {isa = PBXBuildFile; fileRef = 03749090099D8BEB002F09C3 /* MainMenu.nib */; };
		0374909C099D8CDE002F09C3 /* DebugController.m in Sources */ = {isa = PBXBuildFile; fileRef = 0374909B099D8CDE002F09C3 /* DebugController.m */; };
		039620990C0DE71600786326 /* NSString+LongLongValue.h in Headers */ = {isa = PBXBuildFile; fileRef = 039620970C0DE71600786326 /* NSString+LongLongValue.h */; settings = {ATTRIBUTES = (Public, ); }; };
		0396209A0C0DE71600786326 /* NSString+LongLongValue.m in Sources */ = {isa = PBXBuildFile; fileRef = 039620980C0DE71600786326 /* NSString+LongLongValue.m */; };
		039620AC0C0DE78200786326 /* EyeTunes.framework in CopyFiles */ = {isa = PBXBuildFile; fileRef = 8DC2EF5B0486A6940098B216 /* EyeTunes.framework */; };
		039620C80C0DE7CC00786326 /* EyeTunes.framework in Frameworks */ = {isa = PBXBuildFile; fileRef = 8DC2EF5B0486A6940098B216 /* EyeTunes.framework */; };
		8DC2EF530486A6940098B216 /* InfoPlist.strings in Resources */ = {isa = PBXBuildFile; fileRef = 089C1666FE841158C02AAC07 /* InfoPlist.strings */; };
		DD233EB70E66FD45004B210F /* ETUserPlaylistEnumerator.m in Sources */ = {isa = PBXBuildFile; fileRef = DD233EAB0E66FCC4004B210F /* ETUserPlaylistEnumerator.m */; };
		DD233EB80E66FD45004B210F /* ETUserPlaylistEnumerator.h in Headers */ = {isa = PBXBuildFile; fileRef = DD233EAA0E66FCC4004B210F /* ETUserPlaylistEnumerator.h */; settings = {ATTRIBUTES = (Public, ); }; };
		DDB3AF3D0EC4A147003C7FE6 /* ETRootUserPlaylist.m in Sources */ = {isa = PBXBuildFile; fileRef = DD2AB89A0E97A88800178457 /* ETRootUserPlaylist.m */; };
		DDB3AF3E0EC4A148003C7FE6 /* ETRootUserPlaylist.h in Headers */ = {isa = PBXBuildFile; fileRef = DD2AB8990E97A88800178457 /* ETRootUserPlaylist.h */; settings = {ATTRIBUTES = (Public, ); }; };
		DDEBCC900E8D1EF600219086 /* ETPlaylistCache.m in Sources */ = {isa = PBXBuildFile; fileRef = DDEBCBB70E8D0DAD00219086 /* ETPlaylistCache.m */; };
		DDEBCC910E8D1EF700219086 /* ETPlaylistCache.h in Headers */ = {isa = PBXBuildFile; fileRef = DDEBCBB60E8D0DAD00219086 /* ETPlaylistCache.h */; settings = {ATTRIBUTES = (Public, ); }; };
		DDEBCD350E8D255600219086 /* NSNumber+ETPlaylistNameSorting.h in Headers */ = {isa = PBXBuildFile; fileRef = DDEBCD320E8D245000219086 /* NSNumber+ETPlaylistNameSorting.h */; settings = {ATTRIBUTES = (Public, ); }; };
		DDEBCD360E8D255600219086 /* NSNumber+ETPlaylistNameSorting.m in Sources */ = {isa = PBXBuildFile; fileRef = DDEBCD330E8D245000219086 /* NSNumber+ETPlaylistNameSorting.m */; };
/* End PBXBuildFile section */

/* Begin PBXContainerItemProxy section */
		039620DB0C0DE81C00786326 /* PBXContainerItemProxy */ = {
			isa = PBXContainerItemProxy;
			containerPortal = 0867D690FE84028FC02AAC07 /* Project object */;
			proxyType = 1;
			remoteGlobalIDString = 8DC2EF4F0486A6940098B216;
			remoteInfo = EyeTunes;
		};
/* End PBXContainerItemProxy section */

/* Begin PBXCopyFilesBuildPhase section */
		0396209B0C0DE72600786326 /* CopyFiles */ = {
			isa = PBXCopyFilesBuildPhase;
			buildActionMask = 2147483647;
			dstPath = "";
			dstSubfolderSpec = 10;
			files = (
				039620AC0C0DE78200786326 /* EyeTunes.framework in CopyFiles */,
			);
			runOnlyForDeploymentPostprocessing = 0;
		};
/* End PBXCopyFilesBuildPhase section */

/* Begin PBXFileReference section */
		030BF9AB098CFFD100D68616 /* ETDebug.h */ = {isa = PBXFileReference; fileEncoding = 4; lastKnownFileType = sourcecode.c.h; path = ETDebug.h; sourceTree = "<group>"; };
		030BF9AC098CFFD100D68616 /* ETDebug.m */ = {isa = PBXFileReference; fileEncoding = 4; lastKnownFileType = sourcecode.c.objc; path = ETDebug.m; sourceTree = "<group>"; };
		030BFB91098D517A00D68616 /* AppKit.framework */ = {isa = PBXFileReference; lastKnownFileType = wrapper.framework; name = AppKit.framework; path = /System/Library/Frameworks/AppKit.framework; sourceTree = "<absolute>"; };
		0313DDEC0C10DFB400F401BB /* ETEyeTunes.h */ = {isa = PBXFileReference; fileEncoding = 4; lastKnownFileType = sourcecode.c.h; path = ETEyeTunes.h; sourceTree = "<group>"; };
		0313DE1C0C10E09900F401BB /* EyeTunesVersions.h */ = {isa = PBXFileReference; fileEncoding = 4; lastKnownFileType = sourcecode.c.h; path = EyeTunesVersions.h; sourceTree = "<group>"; };
		0313DE480C10E1ED00F401BB /* ETEyeTunes.m */ = {isa = PBXFileReference; fileEncoding = 4; lastKnownFileType = sourcecode.c.objc; path = ETEyeTunes.m; sourceTree = "<group>"; };
		031B4818088429A60086F24B /* EyeTunes.h */ = {isa = PBXFileReference; fileEncoding = 4; lastKnownFileType = sourcecode.c.h; path = EyeTunes.h; sourceTree = "<group>"; };
		031B486808843CF90086F24B /* main.m */ = {isa = PBXFileReference; fileEncoding = 4; lastKnownFileType = sourcecode.c.objc; path = main.m; sourceTree = "<group>"; };
		031B48A9088444F60086F24B /* ApplicationServices.framework */ = {isa = PBXFileReference; lastKnownFileType = wrapper.framework; name = ApplicationServices.framework; path = /System/Library/Frameworks/ApplicationServices.framework; sourceTree = "<absolute>"; };
		032C0D9C0C0DEA3100E2FE97 /* TestEyeTunes */ = {isa = PBXFileReference; explicitFileType = "compiled.mach-o.executable"; includeInIndex = 0; path = TestEyeTunes; sourceTree = BUILT_PRODUCTS_DIR; };
		032CE8520886594100F33185 /* ETAppleEventObject.h */ = {isa = PBXFileReference; fileEncoding = 4; lastKnownFileType = sourcecode.c.h; path = ETAppleEventObject.h; sourceTree = "<group>"; };
		032CE8530886594100F33185 /* ETAppleEventObject.m */ = {isa = PBXFileReference; fileEncoding = 4; lastKnownFileType = sourcecode.c.objc; path = ETAppleEventObject.m; sourceTree = "<group>"; };
		032CEB710886E48100F33185 /* ETPlaylist.h */ = {isa = PBXFileReference; fileEncoding = 4; lastKnownFileType = sourcecode.c.h; path = ETPlaylist.h; sourceTree = "<group>"; };
		032CEB720886E48100F33185 /* ETPlaylist.m */ = {isa = PBXFileReference; fileEncoding = 4; lastKnownFileType = sourcecode.c.objc; path = ETPlaylist.m; sourceTree = "<group>"; };
		032E44AD098A4F2B00C55ECB /* ETTrackEnumerator.h */ = {isa = PBXFileReference; fileEncoding = 4; lastKnownFileType = sourcecode.c.h; path = ETTrackEnumerator.h; sourceTree = "<group>"; };
		032E44AE098A4F2B00C55ECB /* ETTrackEnumerator.m */ = {isa = PBXFileReference; fileEncoding = 4; lastKnownFileType = sourcecode.c.objc; path = ETTrackEnumerator.m; sourceTree = "<group>"; };
		032E476A098A8FDF00C55ECB /* ETPlaylistEnumerator.h */ = {isa = PBXFileReference; fileEncoding = 4; lastKnownFileType = sourcecode.c.h; path = ETPlaylistEnumerator.h; sourceTree = "<group>"; };
		032E476B098A8FDF00C55ECB /* ETPlaylistEnumerator.m */ = {isa = PBXFileReference; fileEncoding = 4; lastKnownFileType = sourcecode.c.objc; path = ETPlaylistEnumerator.m; sourceTree = "<group>"; };
		035B6F2A0884824800D0B89E /* EyeTunesEventCodes.h */ = {isa = PBXFileReference; fileEncoding = 4; lastKnownFileType = sourcecode.c.h; path = EyeTunesEventCodes.h; sourceTree = "<group>"; };
		035B70B70885537800D0B89E /* ETTrack.h */ = {isa = PBXFileReference; fileEncoding = 4; lastKnownFileType = sourcecode.c.h; path = ETTrack.h; sourceTree = "<group>"; };
		035B70B80885537800D0B89E /* ETTrack.m */ = {isa = PBXFileReference; fileEncoding = 4; lastKnownFileType = sourcecode.c.objc; path = ETTrack.m; sourceTree = "<group>"; };
		03748E7A099D8AD4002F09C3 /* EyeTunesDebug.app */ = {isa = PBXFileReference; explicitFileType = wrapper.application; includeInIndex = 0; path = EyeTunesDebug.app; sourceTree = BUILT_PRODUCTS_DIR; };
		03748E7C099D8AD4002F09C3 /* EyeTunesDebug-Info.plist */ = {isa = PBXFileReference; lastKnownFileType = text.plist.xml; path = "EyeTunesDebug-Info.plist"; sourceTree = "<group>"; };
		03749077099D8B48002F09C3 /* debug_main.m */ = {isa = PBXFileReference; fileEncoding = 4; lastKnownFileType = sourcecode.c.objc; path = debug_main.m; sourceTree = "<group>"; };
		03749090099D8BEB002F09C3 /* MainMenu.nib */ = {isa = PBXFileReference; lastKnownFileType = wrapper.nib; path = MainMenu.nib; sourceTree = "<group>"; };
		0374909A099D8CDE002F09C3 /* DebugController.h */ = {isa = PBXFileReference; fileEncoding = 4; lastKnownFileType = sourcecode.c.h; path = DebugController.h; sourceTree = "<group>"; };
		0374909B099D8CDE002F09C3 /* DebugController.m */ = {isa = PBXFileReference; fileEncoding = 4; lastKnownFileType = sourcecode.c.objc; path = DebugController.m; sourceTree = "<group>"; };
		039620970C0DE71600786326 /* NSString+LongLongValue.h */ = {isa = PBXFileReference; fileEncoding = 4; lastKnownFileType = sourcecode.c.h; path = "NSString+LongLongValue.h"; sourceTree = SOURCE_ROOT; };
		039620980C0DE71600786326 /* NSString+LongLongValue.m */ = {isa = PBXFileReference; fileEncoding = 4; lastKnownFileType = sourcecode.c.objc; path = "NSString+LongLongValue.m"; sourceTree = SOURCE_ROOT; };
		0867D69BFE84028FC02AAC07 /* Foundation.framework */ = {isa = PBXFileReference; lastKnownFileType = wrapper.framework; name = Foundation.framework; path = /System/Library/Frameworks/Foundation.framework; sourceTree = "<absolute>"; };
		089C1667FE841158C02AAC07 /* English */ = {isa = PBXFileReference; fileEncoding = 10; lastKnownFileType = text.plist.strings; name = English; path = English.lproj/InfoPlist.strings; sourceTree = "<group>"; };
		32DBCF5E0370ADEE00C91783 /* EyeTunes_Prefix.pch */ = {isa = PBXFileReference; fileEncoding = 4; lastKnownFileType = sourcecode.c.h; path = EyeTunes_Prefix.pch; sourceTree = "<group>"; };
		8DC2EF5A0486A6940098B216 /* Info.plist */ = {isa = PBXFileReference; fileEncoding = 4; lastKnownFileType = text.plist; path = Info.plist; sourceTree = "<group>"; };
		8DC2EF5B0486A6940098B216 /* EyeTunes.framework */ = {isa = PBXFileReference; explicitFileType = wrapper.framework; includeInIndex = 0; path = EyeTunes.framework; sourceTree = BUILT_PRODUCTS_DIR; };
		DD233EAA0E66FCC4004B210F /* ETUserPlaylistEnumerator.h */ = {isa = PBXFileReference; fileEncoding = 4; lastKnownFileType = sourcecode.c.h; path = ETUserPlaylistEnumerator.h; sourceTree = "<group>"; };
		DD233EAB0E66FCC4004B210F /* ETUserPlaylistEnumerator.m */ = {isa = PBXFileReference; fileEncoding = 4; lastKnownFileType = sourcecode.c.objc; path = ETUserPlaylistEnumerator.m; sourceTree = "<group>"; };
		DD2AB8990E97A88800178457 /* ETRootUserPlaylist.h */ = {isa = PBXFileReference; fileEncoding = 4; lastKnownFileType = sourcecode.c.h; path = ETRootUserPlaylist.h; sourceTree = "<group>"; };
		DD2AB89A0E97A88800178457 /* ETRootUserPlaylist.m */ = {isa = PBXFileReference; fileEncoding = 4; lastKnownFileType = sourcecode.c.objc; path = ETRootUserPlaylist.m; sourceTree = "<group>"; };
		DDEBCBB60E8D0DAD00219086 /* ETPlaylistCache.h */ = {isa = PBXFileReference; fileEncoding = 4; lastKnownFileType = sourcecode.c.h; path = ETPlaylistCache.h; sourceTree = "<group>"; };
		DDEBCBB70E8D0DAD00219086 /* ETPlaylistCache.m */ = {isa = PBXFileReference; fileEncoding = 4; lastKnownFileType = sourcecode.c.objc; path = ETPlaylistCache.m; sourceTree = "<group>"; };
		DDEBCD320E8D245000219086 /* NSNumber+ETPlaylistNameSorting.h */ = {isa = PBXFileReference; fileEncoding = 4; lastKnownFileType = sourcecode.c.h; path = "NSNumber+ETPlaylistNameSorting.h"; sourceTree = "<group>"; };
		DDEBCD330E8D245000219086 /* NSNumber+ETPlaylistNameSorting.m */ = {isa = PBXFileReference; fileEncoding = 4; lastKnownFileType = sourcecode.c.objc; path = "NSNumber+ETPlaylistNameSorting.m"; sourceTree = "<group>"; };
/* End PBXFileReference section */

/* Begin PBXFrameworksBuildPhase section */
		031B484408843C940086F24B /* Frameworks */ = {
			isa = PBXFrameworksBuildPhase;
			buildActionMask = 2147483647;
			files = (
				031B48AA088444F60086F24B /* ApplicationServices.framework in Frameworks */,
				030BFB93098D517A00D68616 /* AppKit.framework in Frameworks */,
			);
			runOnlyForDeploymentPostprocessing = 0;
		};
		03748E78099D8AD4002F09C3 /* Frameworks */ = {
			isa = PBXFrameworksBuildPhase;
			buildActionMask = 2147483647;
			files = (
				039620C80C0DE7CC00786326 /* EyeTunes.framework in Frameworks */,
				03748FD3099D8B0F002F09C3 /* AppKit.framework in Frameworks */,
				03748F05099D8B07002F09C3 /* ApplicationServices.framework in Frameworks */,
				03748F04099D8B00002F09C3 /* Foundation.framework in Frameworks */,
			);
			runOnlyForDeploymentPostprocessing = 0;
		};
		8DC2EF560486A6940098B216 /* Frameworks */ = {
			isa = PBXFrameworksBuildPhase;
			buildActionMask = 2147483647;
			files = (
				030BFB0B098D01BE00D68616 /* Foundation.framework in Frameworks */,
				031B48AB088444F60086F24B /* ApplicationServices.framework in Frameworks */,
				030BFB92098D517A00D68616 /* AppKit.framework in Frameworks */,
			);
			runOnlyForDeploymentPostprocessing = 0;
		};
/* End PBXFrameworksBuildPhase section */

/* Begin PBXGroup section */
		031B484A08843CB10086F24B /* Test Program */ = {
			isa = PBXGroup;
			children = (
				031B486808843CF90086F24B /* main.m */,
			);
			name = "Test Program";
			sourceTree = "<group>";
		};
		034768DFFF38A50411DB9C8B /* Products */ = {
			isa = PBXGroup;
			children = (
				8DC2EF5B0486A6940098B216 /* EyeTunes.framework */,
				03748E7A099D8AD4002F09C3 /* EyeTunesDebug.app */,
				032C0D9C0C0DEA3100E2FE97 /* TestEyeTunes */,
			);
			name = Products;
			sourceTree = "<group>";
		};
		03749076099D8B22002F09C3 /* Debug App */ = {
			isa = PBXGroup;
			children = (
				03749077099D8B48002F09C3 /* debug_main.m */,
				0374909A099D8CDE002F09C3 /* DebugController.h */,
				0374909B099D8CDE002F09C3 /* DebugController.m */,
			);
			name = "Debug App";
			sourceTree = "<group>";
		};
		039620900C0DE6E500786326 /* Examples */ = {
			isa = PBXGroup;
			children = (
				03748E7C099D8AD4002F09C3 /* EyeTunesDebug-Info.plist */,
				03749090099D8BEB002F09C3 /* MainMenu.nib */,
				031B484A08843CB10086F24B /* Test Program */,
				03749076099D8B22002F09C3 /* Debug App */,
			);
			name = Examples;
			sourceTree = "<group>";
		};
		0867D691FE84028FC02AAC07 /* EyeTunes */ = {
			isa = PBXGroup;
			children = (
				039620900C0DE6E500786326 /* Examples */,
				08FB77AEFE84172EC02AAC07 /* Classes */,
				32C88DFF0371C24200C91783 /* Other Sources */,
				089C1665FE841158C02AAC07 /* Resources */,
				0867D69AFE84028FC02AAC07 /* External Frameworks and Libraries */,
				034768DFFF38A50411DB9C8B /* Products */,
			);
			name = EyeTunes;
			sourceTree = "<group>";
		};
		0867D69AFE84028FC02AAC07 /* External Frameworks and Libraries */ = {
			isa = PBXGroup;
			children = (
				1058C7B0FEA5585E11CA2CBB /* Linked Frameworks */,
				1058C7B2FEA5585E11CA2CBB /* Other Frameworks */,
			);
			name = "External Frameworks and Libraries";
			sourceTree = "<group>";
		};
		089C1665FE841158C02AAC07 /* Resources */ = {
			isa = PBXGroup;
			children = (
				8DC2EF5A0486A6940098B216 /* Info.plist */,
				089C1666FE841158C02AAC07 /* InfoPlist.strings */,
			);
			name = Resources;
			sourceTree = "<group>";
		};
		08FB77AEFE84172EC02AAC07 /* Classes */ = {
			isa = PBXGroup;
			children = (
				0313DE1C0C10E09900F401BB /* EyeTunesVersions.h */,
				035B6F2A0884824800D0B89E /* EyeTunesEventCodes.h */,
				031B4818088429A60086F24B /* EyeTunes.h */,
				0313DDEC0C10DFB400F401BB /* ETEyeTunes.h */,
				0313DE480C10E1ED00F401BB /* ETEyeTunes.m */,
				035B70B70885537800D0B89E /* ETTrack.h */,
				035B70B80885537800D0B89E /* ETTrack.m */,
				032CE8520886594100F33185 /* ETAppleEventObject.h */,
				032CE8530886594100F33185 /* ETAppleEventObject.m */,
				032CEB710886E48100F33185 /* ETPlaylist.h */,
				032CEB720886E48100F33185 /* ETPlaylist.m */,
				032E44AD098A4F2B00C55ECB /* ETTrackEnumerator.h */,
				032E44AE098A4F2B00C55ECB /* ETTrackEnumerator.m */,
				032E476A098A8FDF00C55ECB /* ETPlaylistEnumerator.h */,
				032E476B098A8FDF00C55ECB /* ETPlaylistEnumerator.m */,
				DD2AB8990E97A88800178457 /* ETRootUserPlaylist.h */,
				DD2AB89A0E97A88800178457 /* ETRootUserPlaylist.m */,
				DD233EAA0E66FCC4004B210F /* ETUserPlaylistEnumerator.h */,
				DD233EAB0E66FCC4004B210F /* ETUserPlaylistEnumerator.m */,
				030BF9AB098CFFD100D68616 /* ETDebug.h */,
				030BF9AC098CFFD100D68616 /* ETDebug.m */,
				039620970C0DE71600786326 /* NSString+LongLongValue.h */,
				039620980C0DE71600786326 /* NSString+LongLongValue.m */,
				DDEBCBB60E8D0DAD00219086 /* ETPlaylistCache.h */,
				DDEBCBB70E8D0DAD00219086 /* ETPlaylistCache.m */,
				DDEBCD320E8D245000219086 /* NSNumber+ETPlaylistNameSorting.h */,
				DDEBCD330E8D245000219086 /* NSNumber+ETPlaylistNameSorting.m */,
			);
			name = Classes;
			sourceTree = "<group>";
		};
		1058C7B0FEA5585E11CA2CBB /* Linked Frameworks */ = {
			isa = PBXGroup;
			children = (
				030BFB91098D517A00D68616 /* AppKit.framework */,
				0867D69BFE84028FC02AAC07 /* Foundation.framework */,
				031B48A9088444F60086F24B /* ApplicationServices.framework */,
			);
			name = "Linked Frameworks";
			sourceTree = "<group>";
		};
		1058C7B2FEA5585E11CA2CBB /* Other Frameworks */ = {
			isa = PBXGroup;
			children = (
			);
			name = "Other Frameworks";
			sourceTree = "<group>";
		};
		32C88DFF0371C24200C91783 /* Other Sources */ = {
			isa = PBXGroup;
			children = (
				32DBCF5E0370ADEE00C91783 /* EyeTunes_Prefix.pch */,
			);
			name = "Other Sources";
			sourceTree = "<group>";
		};
/* End PBXGroup section */

/* Begin PBXHeadersBuildPhase section */
		8DC2EF500486A6940098B216 /* Headers */ = {
			isa = PBXHeadersBuildPhase;
			buildActionMask = 2147483647;
			files = (
				031B481A088429A60086F24B /* EyeTunes.h in Headers */,
				035B6F2B0884824800D0B89E /* EyeTunesEventCodes.h in Headers */,
				035B70B90885537800D0B89E /* ETTrack.h in Headers */,
				032CE8550886594100F33185 /* ETAppleEventObject.h in Headers */,
				032CEB740886E48100F33185 /* ETPlaylist.h in Headers */,
				032E44B0098A4F2C00C55ECB /* ETTrackEnumerator.h in Headers */,
				032E476D098A8FDF00C55ECB /* ETPlaylistEnumerator.h in Headers */,
				030BF9AD098CFFD100D68616 /* ETDebug.h in Headers */,
				039620990C0DE71600786326 /* NSString+LongLongValue.h in Headers */,
				0313DDED0C10DFB400F401BB /* ETEyeTunes.h in Headers */,
				0313DE1D0C10E09900F401BB /* EyeTunesVersions.h in Headers */,
				DD233EB80E66FD45004B210F /* ETUserPlaylistEnumerator.h in Headers */,
				DDEBCD350E8D255600219086 /* NSNumber+ETPlaylistNameSorting.h in Headers */,
				DDEBCC910E8D1EF700219086 /* ETPlaylistCache.h in Headers */,
				DDB3AF3E0EC4A148003C7FE6 /* ETRootUserPlaylist.h in Headers */,
			);
			runOnlyForDeploymentPostprocessing = 0;
		};
/* End PBXHeadersBuildPhase section */

/* Begin PBXNativeTarget section */
		031B484508843C940086F24B /* TestEyeTunes */ = {
			isa = PBXNativeTarget;
			buildConfigurationList = 031B484B08843CB20086F24B /* Build configuration list for PBXNativeTarget "TestEyeTunes" */;
			buildPhases = (
				031B484308843C940086F24B /* Sources */,
				031B484408843C940086F24B /* Frameworks */,
			);
			buildRules = (
			);
			dependencies = (
			);
			name = TestEyeTunes;
			productName = TestEyeTunes;
			productReference = 032C0D9C0C0DEA3100E2FE97 /* TestEyeTunes */;
			productType = "com.apple.product-type.tool";
		};
		03748E79099D8AD4002F09C3 /* EyeTunesDebug */ = {
			isa = PBXNativeTarget;
			buildConfigurationList = 03748E7D099D8AD8002F09C3 /* Build configuration list for PBXNativeTarget "EyeTunesDebug" */;
			buildPhases = (
				03748E76099D8AD4002F09C3 /* Resources */,
				03748E77099D8AD4002F09C3 /* Sources */,
				03748E78099D8AD4002F09C3 /* Frameworks */,
				0396209B0C0DE72600786326 /* CopyFiles */,
			);
			buildRules = (
			);
			dependencies = (
				039620DC0C0DE81C00786326 /* PBXTargetDependency */,
			);
			name = EyeTunesDebug;
			productName = EyeTunesDebug;
			productReference = 03748E7A099D8AD4002F09C3 /* EyeTunesDebug.app */;
			productType = "com.apple.product-type.application";
		};
		8DC2EF4F0486A6940098B216 /* EyeTunes */ = {
			isa = PBXNativeTarget;
			buildConfigurationList = 031B481C088429A70086F24B /* Build configuration list for PBXNativeTarget "EyeTunes" */;
			buildPhases = (
				8DC2EF500486A6940098B216 /* Headers */,
				8DC2EF520486A6940098B216 /* Resources */,
				8DC2EF540486A6940098B216 /* Sources */,
				8DC2EF560486A6940098B216 /* Frameworks */,
			);
			buildRules = (
			);
			dependencies = (
			);
			name = EyeTunes;
			productInstallPath = "$(HOME)/Library/Frameworks";
			productName = EyeTunes;
			productReference = 8DC2EF5B0486A6940098B216 /* EyeTunes.framework */;
			productType = "com.apple.product-type.framework";
		};
/* End PBXNativeTarget section */

/* Begin PBXProject section */
		0867D690FE84028FC02AAC07 /* Project object */ = {
			isa = PBXProject;
			buildConfigurationList = 031B4820088429A70086F24B /* Build configuration list for PBXProject "EyeTunes" */;
			compatibilityVersion = "Xcode 2.4";
			hasScannedForEncodings = 1;
			mainGroup = 0867D691FE84028FC02AAC07 /* EyeTunes */;
			productRefGroup = 034768DFFF38A50411DB9C8B /* Products */;
			projectDirPath = "";
			projectRoot = "";
			targets = (
				8DC2EF4F0486A6940098B216 /* EyeTunes */,
				031B484508843C940086F24B /* TestEyeTunes */,
				03748E79099D8AD4002F09C3 /* EyeTunesDebug */,
			);
		};
/* End PBXProject section */

/* Begin PBXResourcesBuildPhase section */
		03748E76099D8AD4002F09C3 /* Resources */ = {
			isa = PBXResourcesBuildPhase;
			buildActionMask = 2147483647;
			files = (
				03749091099D8BEB002F09C3 /* MainMenu.nib in Resources */,
			);
			runOnlyForDeploymentPostprocessing = 0;
		};
		8DC2EF520486A6940098B216 /* Resources */ = {
			isa = PBXResourcesBuildPhase;
			buildActionMask = 2147483647;
			files = (
				8DC2EF530486A6940098B216 /* InfoPlist.strings in Resources */,
			);
			runOnlyForDeploymentPostprocessing = 0;
		};
/* End PBXResourcesBuildPhase section */

/* Begin PBXSourcesBuildPhase section */
		031B484308843C940086F24B /* Sources */ = {
			isa = PBXSourcesBuildPhase;
			buildActionMask = 2147483647;
			files = (
				037310E30C15D98E004AAA53 /* NSString+LongLongValue.m in Sources */,
				037310CB0C15D92A004AAA53 /* ETEyeTunes.m in Sources */,
				031B486908843CF90086F24B /* main.m in Sources */,
				035B70BB0885537800D0B89E /* ETTrack.m in Sources */,
				032CE8540886594100F33185 /* ETAppleEventObject.m in Sources */,
				032CEB730886E48100F33185 /* ETPlaylist.m in Sources */,
				032E44AF098A4F2B00C55ECB /* ETTrackEnumerator.m in Sources */,
				032E476C098A8FDF00C55ECB /* ETPlaylistEnumerator.m in Sources */,
				030BF9AF098CFFD100D68616 /* ETDebug.m in Sources */,
			);
			runOnlyForDeploymentPostprocessing = 0;
		};
		03748E77099D8AD4002F09C3 /* Sources */ = {
			isa = PBXSourcesBuildPhase;
			buildActionMask = 2147483647;
			files = (
				03749078099D8B48002F09C3 /* debug_main.m in Sources */,
				0374909C099D8CDE002F09C3 /* DebugController.m in Sources */,
			);
			runOnlyForDeploymentPostprocessing = 0;
		};
		8DC2EF540486A6940098B216 /* Sources */ = {
			isa = PBXSourcesBuildPhase;
			buildActionMask = 2147483647;
			files = (
				032CE8560886594100F33185 /* ETAppleEventObject.m in Sources */,
				030BF9AE098CFFD100D68616 /* ETDebug.m in Sources */,
				0313DE490C10E1ED00F401BB /* ETEyeTunes.m in Sources */,
				032CEB750886E48100F33185 /* ETPlaylist.m in Sources */,
				DDEBCC900E8D1EF600219086 /* ETPlaylistCache.m in Sources */,
				032E476E098A8FDF00C55ECB /* ETPlaylistEnumerator.m in Sources */,
				DDB3AF3D0EC4A147003C7FE6 /* ETRootUserPlaylist.m in Sources */,
				035B70BA0885537800D0B89E /* ETTrack.m in Sources */,
				032E44B1098A4F2C00C55ECB /* ETTrackEnumerator.m in Sources */,
				DD233EB70E66FD45004B210F /* ETUserPlaylistEnumerator.m in Sources */,
				DDEBCD360E8D255600219086 /* NSNumber+ETPlaylistNameSorting.m in Sources */,
				0396209A0C0DE71600786326 /* NSString+LongLongValue.m in Sources */,
			);
			runOnlyForDeploymentPostprocessing = 0;
		};
/* End PBXSourcesBuildPhase section */

/* Begin PBXTargetDependency section */
		039620DC0C0DE81C00786326 /* PBXTargetDependency */ = {
			isa = PBXTargetDependency;
			target = 8DC2EF4F0486A6940098B216 /* EyeTunes */;
			targetProxy = 039620DB0C0DE81C00786326 /* PBXContainerItemProxy */;
		};
/* End PBXTargetDependency section */

/* Begin PBXVariantGroup section */
		089C1666FE841158C02AAC07 /* InfoPlist.strings */ = {
			isa = PBXVariantGroup;
			children = (
				089C1667FE841158C02AAC07 /* English */,
			);
			name = InfoPlist.strings;
			sourceTree = "<group>";
		};
/* End PBXVariantGroup section */

/* Begin XCBuildConfiguration section */
		031B481D088429A70086F24B /* Debug */ = {
			isa = XCBuildConfiguration;
			buildSettings = {
				COPY_PHASE_STRIP = NO;
				DYLIB_COMPATIBILITY_VERSION = 1;
				DYLIB_CURRENT_VERSION = 1;
				FRAMEWORK_VERSION = A;
				GCC_DYNAMIC_NO_PIC = NO;
				GCC_ENABLE_FIX_AND_CONTINUE = YES;
				GCC_ENABLE_OBJC_GC = YES;
				GCC_GENERATE_DEBUGGING_SYMBOLS = YES;
				GCC_MODEL_TUNING = G5;
				GCC_OPTIMIZATION_LEVEL = 0;
				GCC_PRECOMPILE_PREFIX_HEADER = YES;
				GCC_PREFIX_HEADER = EyeTunes_Prefix.pch;
				GCC_PREPROCESSOR_DEFINITIONS = ET_DEBUG;
				GCC_WARN_ABOUT_RETURN_TYPE = YES;
				GCC_WARN_UNUSED_VARIABLE = YES;
				INFOPLIST_FILE = Info.plist;
				INSTALL_PATH = "@executable_path/../Frameworks";
				LIBRARY_STYLE = DYNAMIC;
				MACH_O_TYPE = mh_dylib;
				PREBINDING = NO;
				PRODUCT_NAME = EyeTunes;
				SKIP_INSTALL = YES;
				WRAPPER_EXTENSION = framework;
				ZERO_LINK = YES;
			};
			name = Debug;
		};
		031B481E088429A70086F24B /* Release */ = {
			isa = XCBuildConfiguration;
			buildSettings = {
				ARCHS = (
					ppc,
					i386,
				);
				COPY_PHASE_STRIP = YES;
				DYLIB_COMPATIBILITY_VERSION = 1;
				DYLIB_CURRENT_VERSION = 1;
				FRAMEWORK_VERSION = A;
				GCC_ENABLE_FIX_AND_CONTINUE = NO;
				GCC_GENERATE_DEBUGGING_SYMBOLS = NO;
				GCC_MODEL_TUNING = "";
				GCC_PRECOMPILE_PREFIX_HEADER = YES;
				GCC_PREFIX_HEADER = EyeTunes_Prefix.pch;
				GCC_WARN_ABOUT_RETURN_TYPE = YES;
				GCC_WARN_UNUSED_VARIABLE = YES;
				INFOPLIST_FILE = Info.plist;
				INSTALL_PATH = "@executable_path/../Frameworks";
				LIBRARY_STYLE = DYNAMIC;
				MACH_O_TYPE = mh_dylib;
				MACOSX_DEPLOYMENT_TARGET = 10.4;
				PREBINDING = NO;
				PRODUCT_NAME = EyeTunes;
				SKIP_INSTALL = YES;
				WRAPPER_EXTENSION = framework;
				ZERO_LINK = NO;
			};
			name = Release;
		};
		031B4821088429A70086F24B /* Debug */ = {
			isa = XCBuildConfiguration;
			buildSettings = {
				MACOSX_DEPLOYMENT_TARGET = 10.4;
				SDKROOT = /Developer/SDKs/MacOSX10.4u.sdk;
			};
			name = Debug;
		};
		031B4822088429A70086F24B /* Release */ = {
			isa = XCBuildConfiguration;
			buildSettings = {
				ARCHS = (
					ppc,
					i386,
				);
				MACOSX_DEPLOYMENT_TARGET = 10.4;
				SDKROOT = /Developer/SDKs/MacOSX10.4u.sdk;
			};
			name = Release;
		};
		031B484C08843CB20086F24B /* Debug */ = {
			isa = XCBuildConfiguration;
			buildSettings = {
				COPY_PHASE_STRIP = NO;
				GCC_GENERATE_DEBUGGING_SYMBOLS = YES;
				GCC_MODEL_TUNING = G5;
				GCC_OPTIMIZATION_LEVEL = 0;
				GCC_PRECOMPILE_PREFIX_HEADER = YES;
				GCC_PREFIX_HEADER = "$(SYSTEM_LIBRARY_DIR)/Frameworks/AppKit.framework/Headers/AppKit.h";
				GCC_PREPROCESSOR_DEFINITIONS = "";
				INSTALL_PATH = /usr/local/bin;
				KEEP_PRIVATE_EXTERNS = YES;
				OTHER_CFLAGS = "";
				OTHER_LDFLAGS = (
					"-framework",
					Foundation,
					"-framework",
					AppKit,
				);
				OTHER_REZFLAGS = "";
				PREBINDING = NO;
				PRODUCT_NAME = TestEyeTunes;
				SECTORDER_FLAGS = "";
				WARNING_CFLAGS = (
					"-Wmost",
					"-Wno-four-char-constants",
					"-Wno-unknown-pragmas",
				);
			};
			name = Debug;
		};
		031B484D08843CB20086F24B /* Release */ = {
			isa = XCBuildConfiguration;
			buildSettings = {
				COPY_PHASE_STRIP = YES;
				GCC_GENERATE_DEBUGGING_SYMBOLS = NO;
				GCC_MODEL_TUNING = G5;
				GCC_OPTIMIZATION_LEVEL = 0;
				GCC_PRECOMPILE_PREFIX_HEADER = YES;
				GCC_PREFIX_HEADER = "$(SYSTEM_LIBRARY_DIR)/Frameworks/AppKit.framework/Headers/AppKit.h";
				GCC_PREPROCESSOR_DEFINITIONS = "";
				INSTALL_PATH = /usr/local/bin;
				OTHER_CFLAGS = "";
				OTHER_LDFLAGS = (
					"-framework",
					Foundation,
					"-framework",
					AppKit,
				);
				OTHER_REZFLAGS = "";
				PREBINDING = NO;
				PRODUCT_NAME = TestEyeTunes;
				SECTORDER_FLAGS = "";
				WARNING_CFLAGS = (
					"-Wmost",
					"-Wno-four-char-constants",
					"-Wno-unknown-pragmas",
				);
			};
			name = Release;
		};
		03748E7E099D8AD8002F09C3 /* Debug */ = {
			isa = XCBuildConfiguration;
			buildSettings = {
				COPY_PHASE_STRIP = NO;
				GCC_DYNAMIC_NO_PIC = NO;
				GCC_ENABLE_FIX_AND_CONTINUE = YES;
				GCC_GENERATE_DEBUGGING_SYMBOLS = YES;
				GCC_MODEL_TUNING = "";
				GCC_OPTIMIZATION_LEVEL = 0;
				GCC_PRECOMPILE_PREFIX_HEADER = YES;
				GCC_PREFIX_HEADER = "$(SYSTEM_LIBRARY_DIR)/Frameworks/AppKit.framework/Headers/AppKit.h";
				GCC_PREPROCESSOR_DEFINITIONS = ET_DEBUG;
				INFOPLIST_FILE = "EyeTunesDebug-Info.plist";
				INSTALL_PATH = "$(HOME)/Applications";
				OTHER_LDFLAGS = (
					"-framework",
					Foundation,
					"-framework",
					AppKit,
				);
				PREBINDING = NO;
				PRODUCT_NAME = EyeTunesDebug;
				WRAPPER_EXTENSION = app;
				ZERO_LINK = YES;
			};
			name = Debug;
		};
		03748E7F099D8AD8002F09C3 /* Release */ = {
			isa = XCBuildConfiguration;
			buildSettings = {
				ARCHS = (
					ppc,
					i386,
				);
				COPY_PHASE_STRIP = YES;
				GCC_ENABLE_FIX_AND_CONTINUE = NO;
				GCC_GENERATE_DEBUGGING_SYMBOLS = NO;
				GCC_MODEL_TUNING = G5;
				GCC_PRECOMPILE_PREFIX_HEADER = YES;
				GCC_PREFIX_HEADER = "$(SYSTEM_LIBRARY_DIR)/Frameworks/AppKit.framework/Headers/AppKit.h";
				INFOPLIST_FILE = "EyeTunesDebug-Info.plist";
				INSTALL_PATH = "$(HOME)/Applications";
				OTHER_LDFLAGS = (
					"-framework",
					Foundation,
					"-framework",
					AppKit,
				);
				PREBINDING = NO;
				PRODUCT_NAME = EyeTunesDebug;
				WRAPPER_EXTENSION = app;
				ZERO_LINK = NO;
			};
			name = Release;
		};
/* End XCBuildConfiguration section */

/* Begin XCConfigurationList section */
		031B481C088429A70086F24B /* Build configuration list for PBXNativeTarget "EyeTunes" */ = {
			isa = XCConfigurationList;
			buildConfigurations = (
				031B481D088429A70086F24B /* Debug */,
				031B481E088429A70086F24B /* Release */,
			);
			defaultConfigurationIsVisible = 0;
			defaultConfigurationName = Debug;
		};
		031B4820088429A70086F24B /* Build configuration list for PBXProject "EyeTunes" */ = {
			isa = XCConfigurationList;
			buildConfigurations = (
				031B4821088429A70086F24B /* Debug */,
				031B4822088429A70086F24B /* Release */,
			);
			defaultConfigurationIsVisible = 0;
			defaultConfigurationName = Debug;
		};
		031B484B08843CB20086F24B /* Build configuration list for PBXNativeTarget "TestEyeTunes" */ = {
			isa = XCConfigurationList;
			buildConfigurations = (
				031B484C08843CB20086F24B /* Debug */,
				031B484D08843CB20086F24B /* Release */,
			);
			defaultConfigurationIsVisible = 0;
			defaultConfigurationName = Debug;
		};
		03748E7D099D8AD8002F09C3 /* Build configuration list for PBXNativeTarget "EyeTunesDebug" */ = {
			isa = XCConfigurationList;
			buildConfigurations = (
				03748E7E099D8AD8002F09C3 /* Debug */,
				03748E7F099D8AD8002F09C3 /* Release */,
			);
			defaultConfigurationIsVisible = 0;
			defaultConfigurationName = Debug;
		};
/* End XCConfigurationList section */
	};
	rootObject = 0867D690FE84028FC02AAC07 /* Project object */;
}
